
Microsoft Visual Studio Solution File, Format Version 12.00
# Visual Studio Version 17
VisualStudioVersion = 17.11.35208.52
MinimumVisualStudioVersion = 10.0.40219.1
Project("{FAE04EC0-301F-11D3-BF4B-00C04F79EFBC}") = "AdminPortal", "AdminPortal\AdminPortal.csproj", "{0A54CDE7-A805-4030-8F6A-6D9A80311F08}"
EndProject
Project("{FAE04EC0-301F-11D3-BF4B-00C04F79EFBC}") = "DataAccess", "DataAccess\DataAccess.csproj", "{862C067A-FA98-4899-886F-6D95DB02D77F}"
EndProject
Project("{FAE04EC0-301F-11D3-BF4B-00C04F79EFBC}") = "Repository", "Repository\Repository.csproj", "{C2DFBE87-D0FD-4EB5-8196-6875B080BCAA}"
EndProject
Project("{FAE04EC0-301F-11D3-BF4B-00C04F79EFBC}") = "WebAPI", "WebAPI\WebAPI.csproj", "{2D5A07B6-4C51-44F0-A6CB-1549182DC20F}"
EndProject
Global
	GlobalSection(SolutionConfigurationPlatforms) = preSolution
		Debug|Any CPU = Debug|Any CPU
		Release|Any CPU = Release|Any CPU
	EndGlobalSection
	GlobalSection(ProjectConfigurationPlatforms) = postSolution
		{0A54CDE7-A805-4030-8F6A-6D9A80311F08}.Debug|Any CPU.ActiveCfg = Debug|Any CPU
		{0A54CDE7-A805-4030-8F6A-6D9A80311F08}.Debug|Any CPU.Build.0 = Debug|Any CPU
		{0A54CDE7-A805-4030-8F6A-6D9A80311F08}.Release|Any CPU.ActiveCfg = Release|Any CPU
		{0A54CDE7-A805-4030-8F6A-6D9A80311F08}.Release|Any CPU.Build.0 = Release|Any CPU
		{862C067A-FA98-4899-886F-6D95DB02D77F}.Debug|Any CPU.ActiveCfg = Debug|Any CPU
		{862C067A-FA98-4899-886F-6D95DB02D77F}.Debug|Any CPU.Build.0 = Debug|Any CPU
		{862C067A-FA98-4899-886F-6D95DB02D77F}.Release|Any CPU.ActiveCfg = Release|Any CPU
		{862C067A-FA98-4899-886F-6D95DB02D77F}.Release|Any CPU.Build.0 = Release|Any CPU
		{C2DFBE87-D0FD-4EB5-8196-6875B080BCAA}.Debug|Any CPU.ActiveCfg = Debug|Any CPU
		{C2DFBE87-D0FD-4EB5-8196-6875B080BCAA}.Debug|Any CPU.Build.0 = Debug|Any CPU
		{C2DFBE87-D0FD-4EB5-8196-6875B080BCAA}.Release|Any CPU.ActiveCfg = Release|Any CPU
		{C2DFBE87-D0FD-4EB5-8196-6875B080BCAA}.Release|Any CPU.Build.0 = Release|Any CPU
		{2D5A07B6-4C51-44F0-A6CB-1549182DC20F}.Debug|Any CPU.ActiveCfg = Debug|Any CPU
		{2D5A07B6-4C51-44F0-A6CB-1549182DC20F}.Debug|Any CPU.Build.0 = Debug|Any CPU
		{2D5A07B6-4C51-44F0-A6CB-1549182DC20F}.Release|Any CPU.ActiveCfg = Release|Any CPU
		{2D5A07B6-4C51-44F0-A6CB-1549182DC20F}.Release|Any CPU.Build.0 = Release|Any CPU
	EndGlobalSection
	GlobalSection(SolutionProperties) = preSolution
		HideSolutionNode = FALSE
	EndGlobalSection
	GlobalSection(ExtensibilityGlobals) = postSolution
		SolutionGuid = {6C1BFD58-CA1B-464E-98B9-7A61A6B81164}
	EndGlobalSection
EndGlobal
